
Microsoft Visual Studio Solution File, Format Version 10.00
# Visual C++ Express 2008
Project("{8BC9CEB8-8B4A-11D0-8D11-00A0C91BC942}") = "c2p-xml", "c2p-xml\c2p-xml.vcproj", "{3FE5ED85-24E0-4327-AC35-889FE1D4EAC1}"
EndProject
Global
	GlobalSection(SolutionConfigurationPlatforms) = preSolution
		Debug|Win32 = Debug|Win32
		Release|Win32 = Release|Win32
	EndGlobalSection
	GlobalSection(ProjectConfigurationPlatforms) = postSolution
		{3FE5ED85-24E0-4327-AC35-889FE1D4EAC1}.Debug|Win32.ActiveCfg = Debug|Win32
		{3FE5ED85-24E0-4327-AC35-889FE1D4EAC1}.Debug|Win32.Build.0 = Debug|Win32
		{3FE5ED85-24E0-4327-AC35-889FE1D4EAC1}.Release|Win32.ActiveCfg = Release|Win32
		{3FE5ED85-24E0-4327-AC35-889FE1D4EAC1}.Release|Win32.Build.0 = Release|Win32
	EndGlobalSection
	GlobalSection(SolutionProperties) = preSolution
		HideSolutionNode = FALSE
	EndGlobalSection
EndGlobal
